github.com/caarlos0/env/v10 v10.0.0 h1:yIHUBZGsyqCnpTkbjk8asUlx6RFhhEs+h7TOBdgdzXA=
github.com/caarlos0/env/v10 v10.0.0/go.mod h1:ZfulV76NvVPw3tm591U4SwL3Xx9ldzBP9aGxzeN7G18=
github.com/davecgh/go-spew v1.1.1/go.mod h1:J7Y8YcW2NihsgmVo/mv3lAwl/skON4iLHjSsI+c5H38=
github.com/go-sql-driver/mysql v1.7.0/go.mod h1:OXbVy3sEdcQ2Doequ6Z5BW6fXNQTmx+9S1MCJN5yJMI=
github.com/go-sql-driver/mysql v1.7.1 h1:lUIinVbN1DY0xBg0eMOzmmtGoHwWBbvnWubQUrtU8EI=
github.com/go-sql-driver/mysql v1.7.1/go.mod h1:OXbVy3sEdcQ2Doequ6Z5BW6fXNQTmx+9S1MCJN5yJMI=
github.com/golang-jwt/jwt/v5 v5.1.0 h1:UGKbA/IPjtS6zLcdB7i5TyACMgSbOTiR8qzXgw8HWQU=
github.com/golang-jwt/jwt/v5 v5.1.0/go.mod h1:pqrtFR0X4osieyHYxtmOUWsAWrfe1Q5UVIyoH402zdk=
github.com/golang-migrate/migrate/v4 v4.16.2 h1:8coYbMKUyInrFk1lfGfRovTLAW7PhWp8qQDT2iKfuoA=
github.com/golang-migrate/migrate/v4 v4.16.2/go.mod h1:pfcJX4nPHaVdc5nmdCikFBWtm+UBpiZjRNNsyBbp0/o=
github.com/gorilla/mux v1.8.1 h1:TuBL49tXwgrFYWhqrNgrUNEY92u81SPhu7sTdzQEiWY=
github.com/gorilla/mux v1.8.1/go.mod h1:AKf9I4AEqPTmMytcMc0KkNouC66V3BtZ4qD5fmWSiMQ=
github.com/hashicorp/errwrap v1.0.0/go.mod h1:YH+1FKiLXxHSkmPseP+kNlulaMuP3n2brvKWEqk/Jc4=
github.com/hashicorp/errwrap v1.1.0 h1:OxrOeh75EUXMY8TBjag2fzXGZ40LB6IKw45YeGUDY2I=
github.com/hashicorp/errwrap v1.1.0/go.mod h1:YH+1FKiLXxHSkmPseP+kNlulaMuP3n2brvKWEqk/Jc4=
github.com/hashicorp/go-multierror v1.1.1 h1:H5DkEtf6CXdFp0N0Em5UCwQpXMWke8IA0+lD48awMYo=
github.com/hashicorp/go-multierror v1.1.1/go.mod h1:iw975J/qwKPdAO1clOe2L8331t/9/fmwbPZ6JB6eMoM=
github.com/jinzhu/inflection v1.0.0 h1:K317FqzuhWc8YvSVlFMCCUb36O/S9MCKRDI7QkRKD/E=
github.com/jinzhu/inflection v1.0.0/go.mod h1:h+uFLlag+Qp1Va5pdKtLDYj+kHp5pxUVkryuEj+Srlc=
github.com/jinzhu/now v1.1.5 h1:/o9tlHleP7gOFmsnYNz3RGnqzefHA47wQpKrrdTIwXQ=
github.com/jinzhu/now v1.1.5/go.mod h1:d3SSVoowX0Lcu0IBviAWJpolVfI5UJVZZ7cO71lE/z8=
github.com/pmezard/go-difflib v1.0.0/go.mod h1:iKH77koFhYxTK1pcRnkKkqfTogsbg7gZNVY4sRDYZ/4=
go.uber.org/atomic v1.11.0 h1:ZvwS0R+56ePWxUNi+Atn9dWONBPp/AUETXlHW0DxSjE=
go.uber.org/atomic v1.11.0/go.mod h1:LUxbIzbOniOlMKjJjyPfpl4v+PKK2cNJn91OQbhoJI0=
go.uber.org/mock v0.3.0 h1:3mUxI1No2/60yUYax92Pt8eNOEecx2D3lcXZh2NEZJo=
go.uber.org/mock v0.3.0/go.mod h1:a6FSlNadKUHUa9IP5Vyt1zh4fC7uAwxMutEAscFbkZc=
golang.org/x/crypto v0.15.0 h1:frVn1TEaCEaZcn3Tmd7Y2b5KKPaZ+I32Q2OA3kYp5TA=
golang.org/x/crypto v0.15.0/go.mod h1:4ChreQoLWfG3xLDer1WdlH5NdlQ3+mwnQq1YTKY+72g=
gorm.io/driver/mysql v1.5.2 h1:QC2HRskSE75wBuOxe0+iCkyJZ+RqpudsQtqkp+IMuXs=
gorm.io/driver/mysql v1.5.2/go.mod h1:pQLhh1Ut/WUAySdTHwBpBv6+JKcj+ua4ZFx1QQTBzb8=
gorm.io/gorm v1.25.2-0.20230530020048-26663ab9bf55/go.mod h1:L4uxeKpfBml98NYqVqwAdmV1a2nBtAec/cf3fpucW/k=
gorm.io/gorm v1.25.5 h1:zR9lOiiYf09VNh5Q1gphfyia1JpiClIWG9hQaxB/mls=
gorm.io/gorm v1.25.5/go.mod h1:hbnx/Oo0ChWMn1BIhpy1oYozzpM15i4YPuHDmfYtwg8=
